
Microsoft Visual Studio Solution File, Format Version 12.00
# Visual Studio Version 16
VisualStudioVersion = 16.0.29306.81
MinimumVisualStudioVersion = 10.0.40219.1
Project("{FAE04EC0-301F-11D3-BF4B-00C04F79EFBC}") = "CinemaProject", "CinemaProject\CinemaProject.csproj", "{930A9CF4-045E-4F27-BCF4-9125C701C154}"
EndProject
Project("{FAE04EC0-301F-11D3-BF4B-00C04F79EFBC}") = "DTO", "DTO\DTO.csproj", "{06FE6603-EDFA-4CC6-AE3E-03BC79C16BEC}"
EndProject
Project("{FAE04EC0-301F-11D3-BF4B-00C04F79EFBC}") = "BUS", "BUS\BUS.csproj", "{F8842450-3F83-4647-89F1-25DE7B417DA6}"
EndProject
Project("{FAE04EC0-301F-11D3-BF4B-00C04F79EFBC}") = "DAO", "DAO\DAO.csproj", "{A800838C-F25F-4EA7-8368-8F7FF105FF32}"
EndProject
Project("{FAE04EC0-301F-11D3-BF4B-00C04F79EFBC}") = "TestProject", "TestProject\TestProject.csproj", "{A5B83ECC-2E52-4C17-BEB9-ECB335D103DF}"
EndProject
Global
	GlobalSection(SolutionConfigurationPlatforms) = preSolution
		Debug|Any CPU = Debug|Any CPU
		Release|Any CPU = Release|Any CPU
	EndGlobalSection
	GlobalSection(ProjectConfigurationPlatforms) = postSolution
		{930A9CF4-045E-4F27-BCF4-9125C701C154}.Debug|Any CPU.ActiveCfg = Debug|Any CPU
		{930A9CF4-045E-4F27-BCF4-9125C701C154}.Debug|Any CPU.Build.0 = Debug|Any CPU
		{930A9CF4-045E-4F27-BCF4-9125C701C154}.Release|Any CPU.ActiveCfg = Release|Any CPU
		{930A9CF4-045E-4F27-BCF4-9125C701C154}.Release|Any CPU.Build.0 = Release|Any CPU
		{06FE6603-EDFA-4CC6-AE3E-03BC79C16BEC}.Debug|Any CPU.ActiveCfg = Debug|Any CPU
		{06FE6603-EDFA-4CC6-AE3E-03BC79C16BEC}.Debug|Any CPU.Build.0 = Debug|Any CPU
		{06FE6603-EDFA-4CC6-AE3E-03BC79C16BEC}.Release|Any CPU.ActiveCfg = Release|Any CPU
		{06FE6603-EDFA-4CC6-AE3E-03BC79C16BEC}.Release|Any CPU.Build.0 = Release|Any CPU
		{F8842450-3F83-4647-89F1-25DE7B417DA6}.Debug|Any CPU.ActiveCfg = Debug|Any CPU
		{F8842450-3F83-4647-89F1-25DE7B417DA6}.Debug|Any CPU.Build.0 = Debug|Any CPU
		{F8842450-3F83-4647-89F1-25DE7B417DA6}.Release|Any CPU.ActiveCfg = Release|Any CPU
		{F8842450-3F83-4647-89F1-25DE7B417DA6}.Release|Any CPU.Build.0 = Release|Any CPU
		{A800838C-F25F-4EA7-8368-8F7FF105FF32}.Debug|Any CPU.ActiveCfg = Debug|Any CPU
		{A800838C-F25F-4EA7-8368-8F7FF105FF32}.Debug|Any CPU.Build.0 = Debug|Any CPU
		{A800838C-F25F-4EA7-8368-8F7FF105FF32}.Release|Any CPU.ActiveCfg = Release|Any CPU
		{A800838C-F25F-4EA7-8368-8F7FF105FF32}.Release|Any CPU.Build.0 = Release|Any CPU
		{A5B83ECC-2E52-4C17-BEB9-ECB335D103DF}.Debug|Any CPU.ActiveCfg = Debug|Any CPU
		{A5B83ECC-2E52-4C17-BEB9-ECB335D103DF}.Debug|Any CPU.Build.0 = Debug|Any CPU
		{A5B83ECC-2E52-4C17-BEB9-ECB335D103DF}.Release|Any CPU.ActiveCfg = Release|Any CPU
		{A5B83ECC-2E52-4C17-BEB9-ECB335D103DF}.Release|Any CPU.Build.0 = Release|Any CPU
	EndGlobalSection
	GlobalSection(SolutionProperties) = preSolution
		HideSolutionNode = FALSE
	EndGlobalSection
	GlobalSection(ExtensibilityGlobals) = postSolution
		SolutionGuid = {1BF5D98A-B470-4512-AE5E-DB5498CFA04C}
	EndGlobalSection
EndGlobal
